
Microsoft Visual Studio Solution File, Format Version 12.00
# Visual Studio 15
VisualStudioVersion = 15.0.27428.2005
MinimumVisualStudioVersion = 10.0.40219.1
Project("{FAE04EC0-301F-11D3-BF4B-00C04F79EFBC}") = "WebClientExercises", "WebClientExercises\WebClientExercises.csproj", "{56075987-BE19-4299-ADA2-297068B3B687}"
EndProject
Global
	GlobalSection(SolutionConfigurationPlatforms) = preSolution
		Debug|Any CPU = Debug|Any CPU
		Release|Any CPU = Release|Any CPU
	EndGlobalSection
	GlobalSection(ProjectConfigurationPlatforms) = postSolution
		{56075987-BE19-4299-ADA2-297068B3B687}.Debug|Any CPU.ActiveCfg = Debug|Any CPU
		{56075987-BE19-4299-ADA2-297068B3B687}.Debug|Any CPU.Build.0 = Debug|Any CPU
		{56075987-BE19-4299-ADA2-297068B3B687}.Release|Any CPU.ActiveCfg = Release|Any CPU
		{56075987-BE19-4299-ADA2-297068B3B687}.Release|Any CPU.Build.0 = Release|Any CPU
	EndGlobalSection
	GlobalSection(SolutionProperties) = preSolution
		HideSolutionNode = FALSE
	EndGlobalSection
	GlobalSection(ExtensibilityGlobals) = postSolution
		SolutionGuid = {00706B43-4640-4A77-8294-6EA0FE69C104}
	EndGlobalSection
EndGlobal
